
Microsoft Visual Studio Solution File, Format Version 12.00
# Visual Studio Version 16
VisualStudioVersion = 16.0.30907.101
MinimumVisualStudioVersion = 10.0.40219.1
Project("{FAE04EC0-301F-11D3-BF4B-00C04F79EFBC}") = "exercise2", "exercise2\exercise2.csproj", "{BC67CB72-63FC-4CB1-A2AA-E263F1ECDE9A}"
EndProject
Global
	GlobalSection(SolutionConfigurationPlatforms) = preSolution
		Debug|Any CPU = Debug|Any CPU
		Release|Any CPU = Release|Any CPU
	EndGlobalSection
	GlobalSection(ProjectConfigurationPlatforms) = postSolution
		{BC67CB72-63FC-4CB1-A2AA-E263F1ECDE9A}.Debug|Any CPU.ActiveCfg = Debug|Any CPU
		{BC67CB72-63FC-4CB1-A2AA-E263F1ECDE9A}.Debug|Any CPU.Build.0 = Debug|Any CPU
		{BC67CB72-63FC-4CB1-A2AA-E263F1ECDE9A}.Release|Any CPU.ActiveCfg = Release|Any CPU
		{BC67CB72-63FC-4CB1-A2AA-E263F1ECDE9A}.Release|Any CPU.Build.0 = Release|Any CPU
	EndGlobalSection
	GlobalSection(SolutionProperties) = preSolution
		HideSolutionNode = FALSE
	EndGlobalSection
	GlobalSection(ExtensibilityGlobals) = postSolution
		SolutionGuid = {CFF1ACE5-0E5C-4827-9345-B326DA4804E0}
	EndGlobalSection
EndGlobal
